{
    "_meta": {
        "hash": {
            "sha256": "366e1a5ef73c2d40106ec620bb6264eaca231bb18a0db0f7a23ff5a84e47eda6"
        },
        "pipfile-spec": 6,
        "requires": {
            "python_version": "3.9"
        },
        "sources": [
            {
                "name": "pypi",
                "url": "https://pypi.org/simple",
                "verify_ssl": true
            }
        ]
    },
    "default": {
        "numpy": {
            "hashes": [
                "sha256:0791fbd1e43bf74b3502133207e378901272f3c156c4df4954cad833b1380207",
                "sha256:1ce7ab2053e36c0a71e7a13a7475bd3b1f54750b4b433adc96313e127b870887",
                "sha256:2d487e06ecbf1dc2f18e7efce82ded4f705f4bd0cd02677ffccfb39e5c284c7e",
                "sha256:37431a77ceb9307c28382c9773da9f306435135fae6b80b62a11c53cfedd8802",
                "sha256:3e1ffa4748168e1cc8d3cde93f006fe92b5421396221a02f2274aab6ac83b077",
                "sha256:425b390e4619f58d8526b3dcf656dde069133ae5c240229821f01b5f44ea07af",
                "sha256:43a8ca7391b626b4c4fe20aefe79fec683279e31e7c79716863b4b25021e0e74",
                "sha256:4c6036521f11a731ce0648f10c18ae66d7143865f19f7299943c985cdc95afb5",
                "sha256:59d55e634968b8f77d3fd674a3cf0b96e85147cd6556ec64ade018f27e9479e1",
                "sha256:64f56fc53a2d18b1924abd15745e30d82a5782b2cab3429aceecc6875bd5add0",
                "sha256:7228ad13744f63575b3a972d7ee4fd61815b2879998e70930d4ccf9ec721dce0",
                "sha256:9ce7df0abeabe7fbd8ccbf343dc0db72f68549856b863ae3dd580255d009648e",
                "sha256:a911e317e8c826ea632205e63ed8507e0dc877dcdc49744584dfc363df9ca08c",
                "sha256:b89bf9b94b3d624e7bb480344e91f68c1c6c75f026ed6755955117de00917a7c",
                "sha256:ba9ead61dfb5d971d77b6c131a9dbee62294a932bf6a356e48c75ae684e635b3",
                "sha256:c1d937820db6e43bec43e8d016b9b3165dcb42892ea9f106c70fb13d430ffe72",
                "sha256:cc7f00008eb7d3f2489fca6f334ec19ca63e31371be28fd5dad955b16ec285bd",
                "sha256:d4c5d5eb2ec8da0b4f50c9a843393971f31f1d60be87e0fb0917a49133d257d6",
                "sha256:e96d7f3096a36c8754207ab89d4b3282ba7b49ea140e4973591852c77d09eb76",
                "sha256:f0725df166cf4785c0bc4cbfb320203182b1ecd30fee6e541c8752a92df6aa32",
                "sha256:f3eb268dbd5cfaffd9448113539e44e2dd1c5ca9ce25576f7c04a5453edc26fa",
                "sha256:fb7a980c81dd932381f8228a426df8aeb70d59bbcda2af075b627bbc50207cba"
            ],
            "markers": "python_version >= '3.8'",
            "version": "==1.22.4"
        },
        "pye57": {
            "hashes": [
                "sha256:022bcbb7c77636c5e1e32c6e2fb0e9cc935357c5d03d5a123fceb413f7c0a97a",
                "sha256:2102e527b106acc493572d3fe77f365d9cf2aad8389e2a5504f2274e6eeef0bf",
                "sha256:292aea646b0729bf7e4eacd781dbe4ec4d3d325552174753d1ed1d52a27b6946",
                "sha256:7c00cb92c1054c84dfe82e0a99f29afd2efc65d5ba0d374c1a6d4e666d4bc5ac",
                "sha256:8a80db228229dfbee0462381b017a1fdc142e1beaeda8869455db128056fa39c",
                "sha256:ae7518de3037ddeaa092f9bc67b52ddf0ff5b68a5f7f21f2f882368315038590",
                "sha256:b7b72f8ee2349840fd12697947ebd066c525c8a2461f3e120becd511bd6b03b1",
                "sha256:c40734fecce5cf29371cca3b082c8e9880ca3b91291345cd32eee0b1d5812349",
                "sha256:d4462fd1356c87c70a17df9904610bf55b508861fedeac0bba12c6f20157b713"
            ],
            "index": "pypi",
            "version": "==0.4.1"
        },
        "pymeshlab": {
            "hashes": [
                "sha256:1b4a3e7f67053e291faebb59bdf8c944c7c8caaee566617b314bec3d54e9d031",
                "sha256:20661268ce53552b247c116246804568363404cea3d434ec759898766a3ef35e",
                "sha256:588811e7e0448a94582db63a82b8667237307100986a1eee8368793c5b77c55a",
                "sha256:5acc4c53c88f94f20f73cf170a5463c2ef60c8aa9665bc8b51da756b7701ac4f",
                "sha256:7e692421544d548c37b838a0f0657bab3b66a86bc5e5a44660b5db389f5c6aa3",
                "sha256:7e85525838737387e89066babe68240ec9cbedf6095aadf9ee841fa8a71a1e4c",
                "sha256:848ae23ad765aee90d9943ab02d99b6873555af920f0f1416fdf0f252a0c3939",
                "sha256:bb647c5e29349ec10af1446aae8e6b646506de5d144661b55994c7fc674b6824",
                "sha256:beb33a0727f12fcaceecc51f74ee81b741de7f3f0db88975cd397b3ce3396c24",
                "sha256:e211d0df05c84e9ee830c3c25784a26f36f1228e8148b38a552d0eaf4fd8d67a",
                "sha256:e820531950262c557231a250443725c5e922d8a0aab7d14ce300073ba10129e0",
                "sha256:efdfb6ae7c42faaf1874d6138f098221fe8e49f81666dcbe130044b4df369fd5"
            ],
            "index": "pypi",
            "version": "==2022.2.post2"
        },
        "pyquaternion": {
            "hashes": [
                "sha256:b1f61af219cb2fe966b5fb79a192124f2e63a3f7a777ac3cadf2957b1a81bea8",
                "sha256:d0eb69219ca99bfcbc25c1e2c4f82e58c61dce3e907e929f13c5f3615e4b6518",
                "sha256:e65f6e3f7b1fdf1a9e23f82434334a1ae84f14223eee835190cd2e841f8172ec"
            ],
            "version": "==0.9.9"
        }
    },
    "develop": {}
}
